
Microsoft Visual Studio Solution File, Format Version 12.00
# Visual Studio Version 16
VisualStudioVersion = 16.0.30611.23
MinimumVisualStudioVersion = 10.0.40219.1
Project("{9A19103F-16F7-4668-BE54-9A1E7A4F7556}") = "ResLink.Web", "ResLink.Web\ResLink.Web.csproj", "{41FF1A29-8474-4D44-BED4-E291B949B75D}"
EndProject
Project("{9A19103F-16F7-4668-BE54-9A1E7A4F7556}") = "ResLink.BL", "ResLink.BL.Core\ResLink.BL.csproj", "{B4CD2942-593C-4270-94B2-D5C84113C05A}"
EndProject
Project("{9A19103F-16F7-4668-BE54-9A1E7A4F7556}") = "ResLink.DAL", "ResLink.DAL.Core\ResLink.DAL.csproj", "{7E113EE2-F5E3-4875-B1AE-EBEC449F01B8}"
EndProject
Project("{9A19103F-16F7-4668-BE54-9A1E7A4F7556}") = "ResLink.DL", "ResLink.DL.Core\ResLink.DL.csproj", "{76732292-101B-46EF-A202-D943E8BDD0F4}"
EndProject
Global
	GlobalSection(SolutionConfigurationPlatforms) = preSolution
		Debug|Any CPU = Debug|Any CPU
		Release|Any CPU = Release|Any CPU
	EndGlobalSection
	GlobalSection(ProjectConfigurationPlatforms) = postSolution
		{41FF1A29-8474-4D44-BED4-E291B949B75D}.Debug|Any CPU.ActiveCfg = Debug|Any CPU
		{41FF1A29-8474-4D44-BED4-E291B949B75D}.Debug|Any CPU.Build.0 = Debug|Any CPU
		{41FF1A29-8474-4D44-BED4-E291B949B75D}.Release|Any CPU.ActiveCfg = Release|Any CPU
		{41FF1A29-8474-4D44-BED4-E291B949B75D}.Release|Any CPU.Build.0 = Release|Any CPU
		{B4CD2942-593C-4270-94B2-D5C84113C05A}.Debug|Any CPU.ActiveCfg = Debug|Any CPU
		{B4CD2942-593C-4270-94B2-D5C84113C05A}.Debug|Any CPU.Build.0 = Debug|Any CPU
		{B4CD2942-593C-4270-94B2-D5C84113C05A}.Release|Any CPU.ActiveCfg = Release|Any CPU
		{B4CD2942-593C-4270-94B2-D5C84113C05A}.Release|Any CPU.Build.0 = Release|Any CPU
		{7E113EE2-F5E3-4875-B1AE-EBEC449F01B8}.Debug|Any CPU.ActiveCfg = Debug|Any CPU
		{7E113EE2-F5E3-4875-B1AE-EBEC449F01B8}.Debug|Any CPU.Build.0 = Debug|Any CPU
		{7E113EE2-F5E3-4875-B1AE-EBEC449F01B8}.Release|Any CPU.ActiveCfg = Release|Any CPU
		{7E113EE2-F5E3-4875-B1AE-EBEC449F01B8}.Release|Any CPU.Build.0 = Release|Any CPU
		{76732292-101B-46EF-A202-D943E8BDD0F4}.Debug|Any CPU.ActiveCfg = Debug|Any CPU
		{76732292-101B-46EF-A202-D943E8BDD0F4}.Debug|Any CPU.Build.0 = Debug|Any CPU
		{76732292-101B-46EF-A202-D943E8BDD0F4}.Release|Any CPU.ActiveCfg = Release|Any CPU
		{76732292-101B-46EF-A202-D943E8BDD0F4}.Release|Any CPU.Build.0 = Release|Any CPU
	EndGlobalSection
	GlobalSection(SolutionProperties) = preSolution
		HideSolutionNode = FALSE
	EndGlobalSection
	GlobalSection(ExtensibilityGlobals) = postSolution
		SolutionGuid = {54658CBD-CAA0-4F6B-9652-3B52E4F756E9}
	EndGlobalSection
EndGlobal
